
Microsoft Visual Studio Solution File, Format Version 12.00
# Visual Studio Version 17
VisualStudioVersion = 17.0.31912.275
MinimumVisualStudioVersion = 10.0.40219.1
Project("{8BC9CEB8-8B4A-11D0-8D11-00A0C91BC942}") = "C++_Queues", "C++_Queues.vcxproj", "{A213B652-212D-4556-BA7D-1913C84BD5C9}"
EndProject
Global
	GlobalSection(SolutionConfigurationPlatforms) = preSolution
		Debug|x64 = Debug|x64
		Debug|x86 = Debug|x86
		Release|x64 = Release|x64
		Release|x86 = Release|x86
	EndGlobalSection
	GlobalSection(ProjectConfigurationPlatforms) = postSolution
		{A213B652-212D-4556-BA7D-1913C84BD5C9}.Debug|x64.ActiveCfg = Debug|x64
		{A213B652-212D-4556-BA7D-1913C84BD5C9}.Debug|x64.Build.0 = Debug|x64
		{A213B652-212D-4556-BA7D-1913C84BD5C9}.Debug|x86.ActiveCfg = Debug|Win32
		{A213B652-212D-4556-BA7D-1913C84BD5C9}.Debug|x86.Build.0 = Debug|Win32
		{A213B652-212D-4556-BA7D-1913C84BD5C9}.Release|x64.ActiveCfg = Release|x64
		{A213B652-212D-4556-BA7D-1913C84BD5C9}.Release|x64.Build.0 = Release|x64
		{A213B652-212D-4556-BA7D-1913C84BD5C9}.Release|x86.ActiveCfg = Release|Win32
		{A213B652-212D-4556-BA7D-1913C84BD5C9}.Release|x86.Build.0 = Release|Win32
	EndGlobalSection
	GlobalSection(SolutionProperties) = preSolution
		HideSolutionNode = FALSE
	EndGlobalSection
	GlobalSection(ExtensibilityGlobals) = postSolution
		SolutionGuid = {BAC6B3A7-A98A-438D-A4FE-37FD933E78F5}
	EndGlobalSection
EndGlobal
